
Microsoft Visual Studio Solution File, Format Version 12.00
# Visual Studio Version 17
VisualStudioVersion = 17.13.35828.75 d17.13
MinimumVisualStudioVersion = 10.0.40219.1
Project("{FAE04EC0-301F-11D3-BF4B-00C04F79EFBC}") = "Guia1.ManejodeArrays", "Guia1.ManejodeArrays.csproj", "{3CF48094-675A-49DF-B425-38E6CAB2C388}"
EndProject
Global
	GlobalSection(SolutionConfigurationPlatforms) = preSolution
		Debug|Any CPU = Debug|Any CPU
		Release|Any CPU = Release|Any CPU
	EndGlobalSection
	GlobalSection(ProjectConfigurationPlatforms) = postSolution
		{3CF48094-675A-49DF-B425-38E6CAB2C388}.Debug|Any CPU.ActiveCfg = Debug|Any CPU
		{3CF48094-675A-49DF-B425-38E6CAB2C388}.Debug|Any CPU.Build.0 = Debug|Any CPU
		{3CF48094-675A-49DF-B425-38E6CAB2C388}.Release|Any CPU.ActiveCfg = Release|Any CPU
		{3CF48094-675A-49DF-B425-38E6CAB2C388}.Release|Any CPU.Build.0 = Release|Any CPU
	EndGlobalSection
	GlobalSection(SolutionProperties) = preSolution
		HideSolutionNode = FALSE
	EndGlobalSection
	GlobalSection(ExtensibilityGlobals) = postSolution
		SolutionGuid = {0628C97B-2A19-41C4-BCD3-6446681496B8}
	EndGlobalSection
EndGlobal
